
Microsoft Visual Studio Solution File, Format Version 12.00
# Blend for Visual Studio Version 17
VisualStudioVersion = 17.2.32519.379
MinimumVisualStudioVersion = 10.0.40219.1
Project("{9A19103F-16F7-4668-BE54-9A1E7A4F7556}") = "DeWorld", "DeWorld.csproj", "{9F3D8E40-118F-43BD-86F7-078E1D62F204}"
EndProject
Project("{9A19103F-16F7-4668-BE54-9A1E7A4F7556}") = "Updater", "..\Updater\Updater.csproj", "{2FC6CFEF-1574-4A2B-947B-ABBABBE35B89}"
EndProject
Project("{2150E333-8FDC-42A3-9474-1A3956D46DE8}") = "Solution Items", "Solution Items", "{6B9C2DDB-7816-45D3-A428-B3DBE1D131FD}"
	ProjectSection(SolutionItems) = preProject
		.editorconfig = .editorconfig
	EndProjectSection
EndProject
Global
	GlobalSection(SolutionConfigurationPlatforms) = preSolution
		Debug|Any CPU = Debug|Any CPU
		Release|Any CPU = Release|Any CPU
	EndGlobalSection
	GlobalSection(ProjectConfigurationPlatforms) = postSolution
		{9F3D8E40-118F-43BD-86F7-078E1D62F204}.Debug|Any CPU.ActiveCfg = Debug|Any CPU
		{9F3D8E40-118F-43BD-86F7-078E1D62F204}.Debug|Any CPU.Build.0 = Debug|Any CPU
		{9F3D8E40-118F-43BD-86F7-078E1D62F204}.Release|Any CPU.ActiveCfg = Release|Any CPU
		{9F3D8E40-118F-43BD-86F7-078E1D62F204}.Release|Any CPU.Build.0 = Release|Any CPU
		{2FC6CFEF-1574-4A2B-947B-ABBABBE35B89}.Debug|Any CPU.ActiveCfg = Debug|Any CPU
		{2FC6CFEF-1574-4A2B-947B-ABBABBE35B89}.Debug|Any CPU.Build.0 = Debug|Any CPU
		{2FC6CFEF-1574-4A2B-947B-ABBABBE35B89}.Release|Any CPU.ActiveCfg = Release|Any CPU
		{2FC6CFEF-1574-4A2B-947B-ABBABBE35B89}.Release|Any CPU.Build.0 = Release|Any CPU
	EndGlobalSection
	GlobalSection(SolutionProperties) = preSolution
		HideSolutionNode = FALSE
	EndGlobalSection
	GlobalSection(ExtensibilityGlobals) = postSolution
		SolutionGuid = {2F76FB7C-8FCB-47F8-88DE-8AE837895A59}
	EndGlobalSection
EndGlobal
